
Microsoft Visual Studio Solution File, Format Version 12.00
# Visual Studio Version 17
VisualStudioVersion = 17.3.32929.385
MinimumVisualStudioVersion = 10.0.40219.1
Project("{9A19103F-16F7-4668-BE54-9A1E7A4F7556}") = "ProgrammersBlog.Shared", "ProgrammersBlog.Shared\ProgrammersBlog.Shared.csproj", "{74DB76B2-F44B-4DFB-B3FA-512F5D366DD6}"
EndProject
Project("{9A19103F-16F7-4668-BE54-9A1E7A4F7556}") = "ProgrammersBlog.Entities", "ProgrammersBlog.Entities\ProgrammersBlog.Entities.csproj", "{61B8F770-CEA9-490C-A37E-06B2D73D29F5}"
EndProject
Project("{9A19103F-16F7-4668-BE54-9A1E7A4F7556}") = "ProgrammersBlog.Data", "ProgrammersBlog.Data\ProgrammersBlog.Data.csproj", "{27943A26-19FA-4C5D-A7DF-77E010A5C9C8}"
	ProjectSection(ProjectDependencies) = postProject
		{74DB76B2-F44B-4DFB-B3FA-512F5D366DD6} = {74DB76B2-F44B-4DFB-B3FA-512F5D366DD6}
	EndProjectSection
EndProject
Project("{9A19103F-16F7-4668-BE54-9A1E7A4F7556}") = "ProgrammersBlog.Services", "ProgrammersBlog.Services\ProgrammersBlog.Services.csproj", "{1F72F59E-BFB6-41E2-9B19-57DDC0385013}"
EndProject
Project("{9A19103F-16F7-4668-BE54-9A1E7A4F7556}") = "ProgrammersBlog.Mvc", "ProgrammersBlog.Mvc\ProgrammersBlog.Mvc.csproj", "{24DC7A69-6928-4B08-BFD9-2714FD300733}"
EndProject
Global
	GlobalSection(SolutionConfigurationPlatforms) = preSolution
		Debug|Any CPU = Debug|Any CPU
		Release|Any CPU = Release|Any CPU
	EndGlobalSection
	GlobalSection(ProjectConfigurationPlatforms) = postSolution
		{74DB76B2-F44B-4DFB-B3FA-512F5D366DD6}.Debug|Any CPU.ActiveCfg = Debug|Any CPU
		{74DB76B2-F44B-4DFB-B3FA-512F5D366DD6}.Debug|Any CPU.Build.0 = Debug|Any CPU
		{74DB76B2-F44B-4DFB-B3FA-512F5D366DD6}.Release|Any CPU.ActiveCfg = Release|Any CPU
		{74DB76B2-F44B-4DFB-B3FA-512F5D366DD6}.Release|Any CPU.Build.0 = Release|Any CPU
		{61B8F770-CEA9-490C-A37E-06B2D73D29F5}.Debug|Any CPU.ActiveCfg = Debug|Any CPU
		{61B8F770-CEA9-490C-A37E-06B2D73D29F5}.Debug|Any CPU.Build.0 = Debug|Any CPU
		{61B8F770-CEA9-490C-A37E-06B2D73D29F5}.Release|Any CPU.ActiveCfg = Release|Any CPU
		{61B8F770-CEA9-490C-A37E-06B2D73D29F5}.Release|Any CPU.Build.0 = Release|Any CPU
		{27943A26-19FA-4C5D-A7DF-77E010A5C9C8}.Debug|Any CPU.ActiveCfg = Debug|Any CPU
		{27943A26-19FA-4C5D-A7DF-77E010A5C9C8}.Debug|Any CPU.Build.0 = Debug|Any CPU
		{27943A26-19FA-4C5D-A7DF-77E010A5C9C8}.Release|Any CPU.ActiveCfg = Release|Any CPU
		{27943A26-19FA-4C5D-A7DF-77E010A5C9C8}.Release|Any CPU.Build.0 = Release|Any CPU
		{1F72F59E-BFB6-41E2-9B19-57DDC0385013}.Debug|Any CPU.ActiveCfg = Debug|Any CPU
		{1F72F59E-BFB6-41E2-9B19-57DDC0385013}.Debug|Any CPU.Build.0 = Debug|Any CPU
		{1F72F59E-BFB6-41E2-9B19-57DDC0385013}.Release|Any CPU.ActiveCfg = Release|Any CPU
		{1F72F59E-BFB6-41E2-9B19-57DDC0385013}.Release|Any CPU.Build.0 = Release|Any CPU
		{24DC7A69-6928-4B08-BFD9-2714FD300733}.Debug|Any CPU.ActiveCfg = Debug|Any CPU
		{24DC7A69-6928-4B08-BFD9-2714FD300733}.Debug|Any CPU.Build.0 = Debug|Any CPU
		{24DC7A69-6928-4B08-BFD9-2714FD300733}.Release|Any CPU.ActiveCfg = Release|Any CPU
		{24DC7A69-6928-4B08-BFD9-2714FD300733}.Release|Any CPU.Build.0 = Release|Any CPU
	EndGlobalSection
	GlobalSection(SolutionProperties) = preSolution
		HideSolutionNode = FALSE
	EndGlobalSection
	GlobalSection(ExtensibilityGlobals) = postSolution
		SolutionGuid = {99FF1D8C-C1F5-470A-AC98-0562B9874DE4}
	EndGlobalSection
EndGlobal
